// !$*UTF8*$!
{
	archiveVersion = 1;
	classes = {
	};
	objectVersion = 46;
	objects = {

/* Begin PBXBuildFile section */
		4D9D05F81E0E521A00D11110 /* main.m in Sources */ = {isa = PBXBuildFile; fileRef = 4D9D05F71E0E521A00D11110 /* main.m */; };
		4D9D05FB1E0E521A00D11110 /* AppDelegate.m in Sources */ = {isa = PBXBuildFile; fileRef = 4D9D05FA1E0E521A00D11110 /* AppDelegate.m */; };
		4D9D06011E0E521A00D11110 /* Main.storyboard in Resources */ = {isa = PBXBuildFile; fileRef = 4D9D05FF1E0E521A00D11110 /* Main.storyboard */; };
		4D9D06031E0E521A00D11110 /* Assets.xcassets in Resources */ = {isa = PBXBuildFile; fileRef = 4D9D06021E0E521A00D11110 /* Assets.xcassets */; };
		4D9D06061E0E521A00D11110 /* LaunchScreen.storyboard in Resources */ = {isa = PBXBuildFile; fileRef = 4D9D06041E0E521A00D11110 /* LaunchScreen.storyboard */; };
		4D9D06171E0E52A000D11110 /* EightQueen.m in Sources */ = {isa = PBXBuildFile; fileRef = 4D9D06101E0E52A000D11110 /* EightQueen.m */; };
		4D9D06181E0E52A000D11110 /* LocationObject.m in Sources */ = {isa = PBXBuildFile; fileRef = 4D9D06121E0E52A000D11110 /* LocationObject.m */; };
		4D9D06191E0E52A000D11110 /* ResultObject.m in Sources */ = {isa = PBXBuildFile; fileRef = 4D9D06141E0E52A000D11110 /* ResultObject.m */; };
		4D9D061A1E0E52A000D11110 /* ResultsObject.m in Sources */ = {isa = PBXBuildFile; fileRef = 4D9D06161E0E52A000D11110 /* ResultsObject.m */; };
/* End PBXBuildFile section */

/* Begin PBXFileReference section */
		4D9D05F31E0E521A00D11110 /* EightQueen.app */ = {isa = PBXFileReference; explicitFileType = wrapper.application; includeInIndex = 0; path = EightQueen.app; sourceTree = BUILT_PRODUCTS_DIR; };
		4D9D05F71E0E521A00D11110 /* main.m */ = {isa = PBXFileReference; lastKnownFileType = sourcecode.c.objc; path = main.m; sourceTree = "<group>"; };
		4D9D05F91E0E521A00D11110 /* AppDelegate.h */ = {isa = PBXFileReference; lastKnownFileType = sourcecode.c.h; path = AppDelegate.h; sourceTree = "<group>"; };
		4D9D05FA1E0E521A00D11110 /* AppDelegate.m */ = {isa = PBXFileReference; lastKnownFileType = sourcecode.c.objc; path = AppDelegate.m; sourceTree = "<group>"; };
		4D9D06001E0E521A00D11110 /* Base */ = {isa = PBXFileReference; lastKnownFileType = file.storyboard; name = Base; path = Base.lproj/Main.storyboard; sourceTree = "<group>"; };
		4D9D06021E0E521A00D11110 /* Assets.xcassets */ = {isa = PBXFileReference; lastKnownFileType = folder.assetcatalog; path = Assets.xcassets; sourceTree = "<group>"; };
		4D9D06051E0E521A00D11110 /* Base */ = {isa = PBXFileReference; lastKnownFileType = file.storyboard; name = Base; path = Base.lproj/LaunchScreen.storyboard; sourceTree = "<group>"; };
		4D9D06071E0E521A00D11110 /* Info.plist */ = {isa = PBXFileReference; lastKnownFileType = text.plist.xml; path = Info.plist; sourceTree = "<group>"; };
		4D9D060F1E0E52A000D11110 /* EightQueen.h */ = {isa = PBXFileReference; fileEncoding = 4; lastKnownFileType = sourcecode.c.h; path = EightQueen.h; sourceTree = "<group>"; };
		4D9D06101E0E52A000D11110 /* EightQueen.m */ = {isa = PBXFileReference; fileEncoding = 4; lastKnownFileType = sourcecode.c.objc; path = EightQueen.m; sourceTree = "<group>"; };
		4D9D06111E0E52A000D11110 /* LocationObject.h */ = {isa = PBXFileReference; fileEncoding = 4; lastKnownFileType = sourcecode.c.h; path = LocationObject.h; sourceTree = "<group>"; };
		4D9D06121E0E52A000D11110 /* LocationObject.m */ = {isa = PBXFileReference; fileEncoding = 4; lastKnownFileType = sourcecode.c.objc; path = LocationObject.m; sourceTree = "<group>"; };
		4D9D06131E0E52A000D11110 /* ResultObject.h */ = {isa = PBXFileReference; fileEncoding = 4; lastKnownFileType = sourcecode.c.h; path = ResultObject.h; sourceTree = "<group>"; };
		4D9D06141E0E52A000D11110 /* ResultObject.m */ = {isa = PBXFileReference; fileEncoding = 4; lastKnownFileType = sourcecode.c.objc; path = ResultObject.m; sourceTree = "<group>"; };
		4D9D06151E0E52A000D11110 /* ResultsObject.h */ = {isa = PBXFileReference; fileEncoding = 4; lastKnownFileType = sourcecode.c.h; path = ResultsObject.h; sourceTree = "<group>"; };
		4D9D06161E0E52A000D11110 /* ResultsObject.m */ = {isa = PBXFileReference; fileEncoding = 4; lastKnownFileType = sourcecode.c.objc; path = ResultsObject.m; sourceTree = "<group>"; };
/* End PBXFileReference section */

/* Begin PBXFrameworksBuildPhase section */
		4D9D05F01E0E521A00D11110 /* Frameworks */ = {
			isa = PBXFrameworksBuildPhase;
			buildActionMask = 2147483647;
			files = (
			);
			runOnlyForDeploymentPostprocessing = 0;
		};
/* End PBXFrameworksBuildPhase section */

/* Begin PBXGroup section */
		4D9D05EA1E0E521A00D11110 = {
			isa = PBXGroup;
			children = (
				4D9D05F51E0E521A00D11110 /* EightQueen */,
				4D9D05F41E0E521A00D11110 /* Products */,
			);
			sourceTree = "<group>";
		};
		4D9D05F41E0E521A00D11110 /* Products */ = {
			isa = PBXGroup;
			children = (
				4D9D05F31E0E521A00D11110 /* EightQueen.app */,
			);
			name = Products;
			sourceTree = "<group>";
		};
		4D9D05F51E0E521A00D11110 /* EightQueen */ = {
			isa = PBXGroup;
			children = (
				4D9D060E1E0E52A000D11110 /* EightQueen */,
				4D9D05F91E0E521A00D11110 /* AppDelegate.h */,
				4D9D05FA1E0E521A00D11110 /* AppDelegate.m */,
				4D9D05FF1E0E521A00D11110 /* Main.storyboard */,
				4D9D06021E0E521A00D11110 /* Assets.xcassets */,
				4D9D06041E0E521A00D11110 /* LaunchScreen.storyboard */,
				4D9D06071E0E521A00D11110 /* Info.plist */,
				4D9D05F61E0E521A00D11110 /* Supporting Files */,
			);
			path = EightQueen;
			sourceTree = "<group>";
		};
		4D9D05F61E0E521A00D11110 /* Supporting Files */ = {
			isa = PBXGroup;
			children = (
				4D9D05F71E0E521A00D11110 /* main.m */,
			);
			name = "Supporting Files";
			sourceTree = "<group>";
		};
		4D9D060E1E0E52A000D11110 /* EightQueen */ = {
			isa = PBXGroup;
			children = (
				4D9D060F1E0E52A000D11110 /* EightQueen.h */,
				4D9D06101E0E52A000D11110 /* EightQueen.m */,
				4D9D06111E0E52A000D11110 /* LocationObject.h */,
				4D9D06121E0E52A000D11110 /* LocationObject.m */,
				4D9D06131E0E52A000D11110 /* ResultObject.h */,
				4D9D06141E0E52A000D11110 /* ResultObject.m */,
				4D9D06151E0E52A000D11110 /* ResultsObject.h */,
				4D9D06161E0E52A000D11110 /* ResultsObject.m */,
			);
			path = EightQueen;
			sourceTree = "<group>";
		};
/* End PBXGroup section */

/* Begin PBXNativeTarget section */
		4D9D05F21E0E521A00D11110 /* EightQueen */ = {
			isa = PBXNativeTarget;
			buildConfigurationList = 4D9D060A1E0E521A00D11110 /* Build configuration list for PBXNativeTarget "EightQueen" */;
			buildPhases = (
				4D9D05EF1E0E521A00D11110 /* Sources */,
				4D9D05F01E0E521A00D11110 /* Frameworks */,
				4D9D05F11E0E521A00D11110 /* Resources */,
			);
			buildRules = (
			);
			dependencies = (
			);
			name = EightQueen;
			productName = EightQueen;
			productReference = 4D9D05F31E0E521A00D11110 /* EightQueen.app */;
			productType = "com.apple.product-type.application";
		};
/* End PBXNativeTarget section */

/* Begin PBXProject section */
		4D9D05EB1E0E521A00D11110 /* Project object */ = {
			isa = PBXProject;
			attributes = {
				LastUpgradeCheck = 0800;
				ORGANIZATIONNAME = "安宁";
				TargetAttributes = {
					4D9D05F21E0E521A00D11110 = {
						CreatedOnToolsVersion = 8.0;
						ProvisioningStyle = Automatic;
					};
				};
			};
			buildConfigurationList = 4D9D05EE1E0E521A00D11110 /* Build configuration list for PBXProject "EightQueen" */;
			compatibilityVersion = "Xcode 3.2";
			developmentRegion = English;
			hasScannedForEncodings = 0;
			knownRegions = (
				en,
				Base,
			);
			mainGroup = 4D9D05EA1E0E521A00D11110;
			productRefGroup = 4D9D05F41E0E521A00D11110 /* Products */;
			projectDirPath = "";
			projectRoot = "";
			targets = (
				4D9D05F21E0E521A00D11110 /* EightQueen */,
			);
		};
/* End PBXProject section */

/* Begin PBXResourcesBuildPhase section */
		4D9D05F11E0E521A00D11110 /* Resources */ = {
			isa = PBXResourcesBuildPhase;
			buildActionMask = 2147483647;
			files = (
				4D9D06061E0E521A00D11110 /* LaunchScreen.storyboard in Resources */,
				4D9D06031E0E521A00D11110 /* Assets.xcassets in Resources */,
				4D9D06011E0E521A00D11110 /* Main.storyboard in Resources */,
			);
			runOnlyForDeploymentPostprocessing = 0;
		};
/* End PBXResourcesBuildPhase section */

/* Begin PBXSourcesBuildPhase section */
		4D9D05EF1E0E521A00D11110 /* Sources */ = {
			isa = PBXSourcesBuildPhase;
			buildActionMask = 2147483647;
			files = (
				4D9D05FB1E0E521A00D11110 /* AppDelegate.m in Sources */,
				4D9D06171E0E52A000D11110 /* EightQueen.m in Sources */,
				4D9D06191E0E52A000D11110 /* ResultObject.m in Sources */,
				4D9D05F81E0E521A00D11110 /* main.m in Sources */,
				4D9D06181E0E52A000D11110 /* LocationObject.m in Sources */,
				4D9D061A1E0E52A000D11110 /* ResultsObject.m in Sources */,
			);
			runOnlyForDeploymentPostprocessing = 0;
		};
/* End PBXSourcesBuildPhase section */

/* Begin PBXVariantGroup section */
		4D9D05FF1E0E521A00D11110 /* Main.storyboard */ = {
			isa = PBXVariantGroup;
			children = (
				4D9D06001E0E521A00D11110 /* Base */,
			);
			name = Main.storyboard;
			sourceTree = "<group>";
		};
		4D9D06041E0E521A00D11110 /* LaunchScreen.storyboard */ = {
			isa = PBXVariantGroup;
			children = (
				4D9D06051E0E521A00D11110 /* Base */,
			);
			name = LaunchScreen.storyboard;
			sourceTree = "<group>";
		};
/* End PBXVariantGroup section */

/* Begin XCBuildConfiguration section */
		4D9D06081E0E521A00D11110 /* Debug */ = {
			isa = XCBuildConfiguration;
			buildSettings = {
				ALWAYS_SEARCH_USER_PATHS = NO;
				CLANG_ANALYZER_NONNULL = YES;
				CLANG_CXX_LANGUAGE_STANDARD = "gnu++0x";
				CLANG_CXX_LIBRARY = "libc++";
				CLANG_ENABLE_MODULES = YES;
				CLANG_ENABLE_OBJC_ARC = YES;
				CLANG_WARN_BOOL_CONVERSION = YES;
				CLANG_WARN_CONSTANT_CONVERSION = YES;
				CLANG_WARN_DIRECT_OBJC_ISA_USAGE = YES_ERROR;
				CLANG_WARN_DOCUMENTATION_COMMENTS = YES;
				CLANG_WARN_EMPTY_BODY = YES;
				CLANG_WARN_ENUM_CONVERSION = YES;
				CLANG_WARN_INFINITE_RECURSION = YES;
				CLANG_WARN_INT_CONVERSION = YES;
				CLANG_WARN_OBJC_ROOT_CLASS = YES_ERROR;
				CLANG_WARN_SUSPICIOUS_MOVES = YES;
				CLANG_WARN_UNREACHABLE_CODE = YES;
				CLANG_WARN__DUPLICATE_METHOD_MATCH = YES;
				"CODE_SIGN_IDENTITY[sdk=iphoneos*]" = "iPhone Developer";
				COPY_PHASE_STRIP = NO;
				DEBUG_INFORMATION_FORMAT = dwarf;
				ENABLE_STRICT_OBJC_MSGSEND = YES;
				ENABLE_TESTABILITY = YES;
				GCC_C_LANGUAGE_STANDARD = gnu99;
				GCC_DYNAMIC_NO_PIC = NO;
				GCC_NO_COMMON_BLOCKS = YES;
				GCC_OPTIMIZATION_LEVEL = 0;
				GCC_PREPROCESSOR_DEFINITIONS = (
					"DEBUG=1",
					"$(inherited)",
				);
				GCC_WARN_64_TO_32_BIT_CONVERSION = YES;
				GCC_WARN_ABOUT_RETURN_TYPE = YES_ERROR;
				GCC_WARN_UNDECLARED_SELECTOR = YES;
				GCC_WARN_UNINITIALIZED_AUTOS = YES_AGGRESSIVE;
				GCC_WARN_UNUSED_FUNCTION = YES;
				GCC_WARN_UNUSED_VARIABLE = YES;
				IPHONEOS_DEPLOYMENT_TARGET = 10.0;
				MTL_ENABLE_DEBUG_INFO = YES;
				ONLY_ACTIVE_ARCH = YES;
				SDKROOT = iphoneos;
				TARGETED_DEVICE_FAMILY = "1,2";
			};
			name = Debug;
		};
		4D9D06091E0E521A00D11110 /* Release */ = {
			isa = XCBuildConfiguration;
			buildSettings = {
				ALWAYS_SEARCH_USER_PATHS = NO;
				CLANG_ANALYZER_NONNULL = YES;
				CLANG_CXX_LANGUAGE_STANDARD = "gnu++0x";
				CLANG_CXX_LIBRARY = "libc++";
				CLANG_ENABLE_MODULES = YES;
				CLANG_ENABLE_OBJC_ARC = YES;
				CLANG_WARN_BOOL_CONVERSION = YES;
				CLANG_WARN_CONSTANT_CONVERSION = YES;
				CLANG_WARN_DIRECT_OBJC_ISA_USAGE = YES_ERROR;
				CLANG_WARN_DOCUMENTATION_COMMENTS = YES;
				CLANG_WARN_EMPTY_BODY = YES;
				CLANG_WARN_ENUM_CONVERSION = YES;
				CLANG_WARN_INFINITE_RECURSION = YES;
				CLANG_WARN_INT_CONVERSION = YES;
				CLANG_WARN_OBJC_ROOT_CLASS = YES_ERROR;
				CLANG_WARN_SUSPICIOUS_MOVES = YES;
				CLANG_WARN_UNREACHABLE_CODE = YES;
				CLANG_WARN__DUPLICATE_METHOD_MATCH = YES;
				"CODE_SIGN_IDENTITY[sdk=iphoneos*]" = "iPhone Developer";
				COPY_PHASE_STRIP = NO;
				DEBUG_INFORMATION_FORMAT = "dwarf-with-dsym";
				ENABLE_NS_ASSERTIONS = NO;
				ENABLE_STRICT_OBJC_MSGSEND = YES;
				GCC_C_LANGUAGE_STANDARD = gnu99;
				GCC_NO_COMMON_BLOCKS = YES;
				GCC_WARN_64_TO_32_BIT_CONVERSION = YES;
				GCC_WARN_ABOUT_RETURN_TYPE = YES_ERROR;
				GCC_WARN_UNDECLARED_SELECTOR = YES;
				GCC_WARN_UNINITIALIZED_AUTOS = YES_AGGRESSIVE;
				GCC_WARN_UNUSED_FUNCTION = YES;
				GCC_WARN_UNUSED_VARIABLE = YES;
				IPHONEOS_DEPLOYMENT_TARGET = 10.0;
				MTL_ENABLE_DEBUG_INFO = NO;
				SDKROOT = iphoneos;
				TARGETED_DEVICE_FAMILY = "1,2";
				VALIDATE_PRODUCT = YES;
			};
			name = Release;
		};
		4D9D060B1E0E521A00D11110 /* Debug */ = {
			isa = XCBuildConfiguration;
			buildSettings = {
				ASSETCATALOG_COMPILER_APPICON_NAME = AppIcon;
				INFOPLIST_FILE = EightQueen/Info.plist;
				LD_RUNPATH_SEARCH_PATHS = "$(inherited) @executable_path/Frameworks";
				PRODUCT_BUNDLE_IDENTIFIER = anning.EightQueen;
				PRODUCT_NAME = "$(TARGET_NAME)";
			};
			name = Debug;
		};
		4D9D060C1E0E521A00D11110 /* Release */ = {
			isa = XCBuildConfiguration;
			buildSettings = {
				ASSETCATALOG_COMPILER_APPICON_NAME = AppIcon;
				INFOPLIST_FILE = EightQueen/Info.plist;
				LD_RUNPATH_SEARCH_PATHS = "$(inherited) @executable_path/Frameworks";
				PRODUCT_BUNDLE_IDENTIFIER = anning.EightQueen;
				PRODUCT_NAME = "$(TARGET_NAME)";
			};
			name = Release;
		};
/* End XCBuildConfiguration section */

/* Begin XCConfigurationList section */
		4D9D05EE1E0E521A00D11110 /* Build configuration list for PBXProject "EightQueen" */ = {
			isa = XCConfigurationList;
			buildConfigurations = (
				4D9D06081E0E521A00D11110 /* Debug */,
				4D9D06091E0E521A00D11110 /* Release */,
			);
			defaultConfigurationIsVisible = 0;
			defaultConfigurationName = Release;
		};
		4D9D060A1E0E521A00D11110 /* Build configuration list for PBXNativeTarget "EightQueen" */ = {
			isa = XCConfigurationList;
			buildConfigurations = (
				4D9D060B1E0E521A00D11110 /* Debug */,
				4D9D060C1E0E521A00D11110 /* Release */,
			);
			defaultConfigurationIsVisible = 0;
		};
/* End XCConfigurationList section */
	};
	rootObject = 4D9D05EB1E0E521A00D11110 /* Project object */;
}
